{
    "_readme": [
        "This file locks the dependencies of your project to a known state",
        "Read more about it at https://getcomposer.org/doc/01-basic-usage.md#composer-lock-the-lock-file",
        "This file is @generated automatically"
    ],
    "hash": "7d2c47e4c93658892818aebc7402131b",
    "content-hash": "f1a4a07eef02e73a8db775861aaf9f41",
    "packages": [],
    "packages-dev": [
        {
            "name": "nosto/php-sdk",
            "version": "1.16.0",
            "source": {
                "type": "git",
                "url": "https://github.com/Nosto/php-sdk.git",
                "reference": "555dd3d25aa34fc64098a6ea4e0094c2e63283a4"
            },
            "dist": {
                "type": "zip",
                "url": "https://api.github.com/repos/Nosto/php-sdk/zipball/555dd3d25aa34fc64098a6ea4e0094c2e63283a4",
                "reference": "555dd3d25aa34fc64098a6ea4e0094c2e63283a4",
                "shasum": ""
            },
            "require-dev": {
                "codeception/codeception": "@stable",
                "codeception/specify": "@stable"
            },
            "type": "library",
            "notification-url": "https://packagist.org/downloads/",
            "license": [
                "BSD-3-Clause"
            ],
            "description": "PHP SDK for developing Nosto modules for e-commerce platforms",
            "time": "2016-12-05 12:54:36"
        }
    ],
    "aliases": [],
    "minimum-stability": "stable",
    "stability-flags": [],
    "prefer-stable": false,
    "prefer-lowest": false,
    "platform": [],
    "platform-dev": []
}
