{
    "_readme": [
        "This file locks the dependencies of your project to a known state",
        "Read more about it at https://getcomposer.org/doc/01-basic-usage.md#composer-lock-the-lock-file",
        "This file is @generated automatically"
    ],
    "hash": "af420f080635e345d77f1473716e6299",
    "content-hash": "794585ff8697e516750e64ebe7508e27",
    "packages": [],
    "packages-dev": [
        {
            "name": "nosto/php-sdk",
            "version": "1.15.0",
            "source": {
                "type": "git",
                "url": "https://github.com/Nosto/php-sdk.git",
                "reference": "2845aa0c02446e30e678c065be77931bb11043f0"
            },
            "dist": {
                "type": "zip",
                "url": "https://api.github.com/repos/Nosto/php-sdk/zipball/2845aa0c02446e30e678c065be77931bb11043f0",
                "reference": "2845aa0c02446e30e678c065be77931bb11043f0",
                "shasum": ""
            },
            "require-dev": {
                "codeception/codeception": "@stable",
                "codeception/specify": "@stable"
            },
            "type": "library",
            "notification-url": "https://packagist.org/downloads/",
            "license": [
                "BSD-3-Clause"
            ],
            "description": "PHP SDK for developing Nosto modules for e-commerce platforms",
            "time": "2016-05-23 13:04:24"
        }
    ],
    "aliases": [],
    "minimum-stability": "stable",
    "stability-flags": [],
    "prefer-stable": false,
    "prefer-lowest": false,
    "platform": [],
    "platform-dev": []
}
